
Microsoft Visual Studio Solution File, Format Version 12.00
# Visual Studio Version 16
VisualStudioVersion = 16.0.30011.22
MinimumVisualStudioVersion = 10.0.40219.1
Project("{8BC9CEB8-8B4A-11D0-8D11-00A0C91BC942}") = "ServerTCP", "ServerTCP.vcxproj", "{067B29E5-DA9F-477B-9D28-687A116EEDAE}"
EndProject
Global
	GlobalSection(SolutionConfigurationPlatforms) = preSolution
		Debug|x64 = Debug|x64
		Debug|x86 = Debug|x86
		Release|x64 = Release|x64
		Release|x86 = Release|x86
	EndGlobalSection
	GlobalSection(ProjectConfigurationPlatforms) = postSolution
		{067B29E5-DA9F-477B-9D28-687A116EEDAE}.Debug|x64.ActiveCfg = Debug|x64
		{067B29E5-DA9F-477B-9D28-687A116EEDAE}.Debug|x64.Build.0 = Debug|x64
		{067B29E5-DA9F-477B-9D28-687A116EEDAE}.Debug|x86.ActiveCfg = Debug|Win32
		{067B29E5-DA9F-477B-9D28-687A116EEDAE}.Debug|x86.Build.0 = Debug|Win32
		{067B29E5-DA9F-477B-9D28-687A116EEDAE}.Release|x64.ActiveCfg = Release|x64
		{067B29E5-DA9F-477B-9D28-687A116EEDAE}.Release|x64.Build.0 = Release|x64
		{067B29E5-DA9F-477B-9D28-687A116EEDAE}.Release|x86.ActiveCfg = Release|Win32
		{067B29E5-DA9F-477B-9D28-687A116EEDAE}.Release|x86.Build.0 = Release|Win32
	EndGlobalSection
	GlobalSection(SolutionProperties) = preSolution
		HideSolutionNode = FALSE
	EndGlobalSection
	GlobalSection(ExtensibilityGlobals) = postSolution
		SolutionGuid = {68E9C38D-4FE2-4243-9A9D-F39E0F236E27}
	EndGlobalSection
EndGlobal
